// !$*UTF8*$!
{
	archiveVersion = 1;
	classes = {
	};
	objectVersion = 60;
	objects = {

/* Begin PBXBuildFile section */
		8F81A5BF2C0C633B00C0EEB4 /* swift_crab_testApp.swift in Sources */ = {isa = PBXBuildFile; fileRef = 8F81A5BE2C0C633B00C0EEB4 /* swift_crab_testApp.swift */; };
		8F81A5C12C0C633B00C0EEB4 /* ContentView.swift in Sources */ = {isa = PBXBuildFile; fileRef = 8F81A5C02C0C633B00C0EEB4 /* ContentView.swift */; };
		8F81A5C32C0C633C00C0EEB4 /* Assets.xcassets in Resources */ = {isa = PBXBuildFile; fileRef = 8F81A5C22C0C633C00C0EEB4 /* Assets.xcassets */; };
		8F81A5C72C0C633C00C0EEB4 /* Preview Assets.xcassets in Resources */ = {isa = PBXBuildFile; fileRef = 8F81A5C62C0C633C00C0EEB4 /* Preview Assets.xcassets */; };
		8F81A5D12C0C633D00C0EEB4 /* swift_crab_testTests.swift in Sources */ = {isa = PBXBuildFile; fileRef = 8F81A5D02C0C633D00C0EEB4 /* swift_crab_testTests.swift */; };
		8F81A5DB2C0C633D00C0EEB4 /* swift_crab_testUITests.swift in Sources */ = {isa = PBXBuildFile; fileRef = 8F81A5DA2C0C633D00C0EEB4 /* swift_crab_testUITests.swift */; };
		8F81A5DD2C0C633D00C0EEB4 /* swift_crab_testUITestsLaunchTests.swift in Sources */ = {isa = PBXBuildFile; fileRef = 8F81A5DC2C0C633D00C0EEB4 /* swift_crab_testUITestsLaunchTests.swift */; };
		8F86FE932C0F8A4D00E470BA /* MyCrabLib in Frameworks */ = {isa = PBXBuildFile; productRef = 8F86FE922C0F8A4D00E470BA /* MyCrabLib */; };
/* End PBXBuildFile section */

/* Begin PBXContainerItemProxy section */
		8F81A5CD2C0C633D00C0EEB4 /* PBXContainerItemProxy */ = {
			isa = PBXContainerItemProxy;
			containerPortal = 8F81A5B32C0C633B00C0EEB4 /* Project object */;
			proxyType = 1;
			remoteGlobalIDString = 8F81A5BA2C0C633B00C0EEB4;
			remoteInfo = "swift-crab-test";
		};
		8F81A5D72C0C633D00C0EEB4 /* PBXContainerItemProxy */ = {
			isa = PBXContainerItemProxy;
			containerPortal = 8F81A5B32C0C633B00C0EEB4 /* Project object */;
			proxyType = 1;
			remoteGlobalIDString = 8F81A5BA2C0C633B00C0EEB4;
			remoteInfo = "swift-crab-test";
		};
/* End PBXContainerItemProxy section */

/* Begin PBXFileReference section */
		8F81A5BB2C0C633B00C0EEB4 /* swift-crab-test.app */ = {isa = PBXFileReference; explicitFileType = wrapper.application; includeInIndex = 0; path = "swift-crab-test.app"; sourceTree = BUILT_PRODUCTS_DIR; };
		8F81A5BE2C0C633B00C0EEB4 /* swift_crab_testApp.swift */ = {isa = PBXFileReference; lastKnownFileType = sourcecode.swift; path = swift_crab_testApp.swift; sourceTree = "<group>"; };
		8F81A5C02C0C633B00C0EEB4 /* ContentView.swift */ = {isa = PBXFileReference; lastKnownFileType = sourcecode.swift; path = ContentView.swift; sourceTree = "<group>"; };
		8F81A5C22C0C633C00C0EEB4 /* Assets.xcassets */ = {isa = PBXFileReference; lastKnownFileType = folder.assetcatalog; path = Assets.xcassets; sourceTree = "<group>"; };
		8F81A5C42C0C633C00C0EEB4 /* swift_crab_test.entitlements */ = {isa = PBXFileReference; lastKnownFileType = text.plist.entitlements; path = swift_crab_test.entitlements; sourceTree = "<group>"; };
		8F81A5C62C0C633C00C0EEB4 /* Preview Assets.xcassets */ = {isa = PBXFileReference; lastKnownFileType = folder.assetcatalog; path = "Preview Assets.xcassets"; sourceTree = "<group>"; };
		8F81A5CC2C0C633D00C0EEB4 /* swift-crab-testTests.xctest */ = {isa = PBXFileReference; explicitFileType = wrapper.cfbundle; includeInIndex = 0; path = "swift-crab-testTests.xctest"; sourceTree = BUILT_PRODUCTS_DIR; };
		8F81A5D02C0C633D00C0EEB4 /* swift_crab_testTests.swift */ = {isa = PBXFileReference; lastKnownFileType = sourcecode.swift; path = swift_crab_testTests.swift; sourceTree = "<group>"; };
		8F81A5D62C0C633D00C0EEB4 /* swift-crab-testUITests.xctest */ = {isa = PBXFileReference; explicitFileType = wrapper.cfbundle; includeInIndex = 0; path = "swift-crab-testUITests.xctest"; sourceTree = BUILT_PRODUCTS_DIR; };
		8F81A5DA2C0C633D00C0EEB4 /* swift_crab_testUITests.swift */ = {isa = PBXFileReference; lastKnownFileType = sourcecode.swift; path = swift_crab_testUITests.swift; sourceTree = "<group>"; };
		8F81A5DC2C0C633D00C0EEB4 /* swift_crab_testUITestsLaunchTests.swift */ = {isa = PBXFileReference; lastKnownFileType = sourcecode.swift; path = swift_crab_testUITestsLaunchTests.swift; sourceTree = "<group>"; };
/* End PBXFileReference section */

/* Begin PBXFrameworksBuildPhase section */
		8F81A5B82C0C633B00C0EEB4 /* Frameworks */ = {
			isa = PBXFrameworksBuildPhase;
			buildActionMask = 2147483647;
			files = (
				8F86FE932C0F8A4D00E470BA /* MyCrabLib in Frameworks */,
			);
			runOnlyForDeploymentPostprocessing = 0;
		};
		8F81A5C92C0C633D00C0EEB4 /* Frameworks */ = {
			isa = PBXFrameworksBuildPhase;
			buildActionMask = 2147483647;
			files = (
			);
			runOnlyForDeploymentPostprocessing = 0;
		};
		8F81A5D32C0C633D00C0EEB4 /* Frameworks */ = {
			isa = PBXFrameworksBuildPhase;
			buildActionMask = 2147483647;
			files = (
			);
			runOnlyForDeploymentPostprocessing = 0;
		};
/* End PBXFrameworksBuildPhase section */

/* Begin PBXGroup section */
		8F81A5B22C0C633A00C0EEB4 = {
			isa = PBXGroup;
			children = (
				8F81A5BD2C0C633B00C0EEB4 /* swift-crab-test */,
				8F81A5CF2C0C633D00C0EEB4 /* swift-crab-testTests */,
				8F81A5D92C0C633D00C0EEB4 /* swift-crab-testUITests */,
				8F81A5BC2C0C633B00C0EEB4 /* Products */,
				8F81A5EA2C0C63F000C0EEB4 /* Frameworks */,
			);
			sourceTree = "<group>";
		};
		8F81A5BC2C0C633B00C0EEB4 /* Products */ = {
			isa = PBXGroup;
			children = (
				8F81A5BB2C0C633B00C0EEB4 /* swift-crab-test.app */,
				8F81A5CC2C0C633D00C0EEB4 /* swift-crab-testTests.xctest */,
				8F81A5D62C0C633D00C0EEB4 /* swift-crab-testUITests.xctest */,
			);
			name = Products;
			sourceTree = "<group>";
		};
		8F81A5BD2C0C633B00C0EEB4 /* swift-crab-test */ = {
			isa = PBXGroup;
			children = (
				8F81A5BE2C0C633B00C0EEB4 /* swift_crab_testApp.swift */,
				8F81A5C02C0C633B00C0EEB4 /* ContentView.swift */,
				8F81A5C22C0C633C00C0EEB4 /* Assets.xcassets */,
				8F81A5C42C0C633C00C0EEB4 /* swift_crab_test.entitlements */,
				8F81A5C52C0C633C00C0EEB4 /* Preview Content */,
			);
			path = "swift-crab-test";
			sourceTree = "<group>";
		};
		8F81A5C52C0C633C00C0EEB4 /* Preview Content */ = {
			isa = PBXGroup;
			children = (
				8F81A5C62C0C633C00C0EEB4 /* Preview Assets.xcassets */,
			);
			path = "Preview Content";
			sourceTree = "<group>";
		};
		8F81A5CF2C0C633D00C0EEB4 /* swift-crab-testTests */ = {
			isa = PBXGroup;
			children = (
				8F81A5D02C0C633D00C0EEB4 /* swift_crab_testTests.swift */,
			);
			path = "swift-crab-testTests";
			sourceTree = "<group>";
		};
		8F81A5D92C0C633D00C0EEB4 /* swift-crab-testUITests */ = {
			isa = PBXGroup;
			children = (
				8F81A5DA2C0C633D00C0EEB4 /* swift_crab_testUITests.swift */,
				8F81A5DC2C0C633D00C0EEB4 /* swift_crab_testUITestsLaunchTests.swift */,
			);
			path = "swift-crab-testUITests";
			sourceTree = "<group>";
		};
		8F81A5EA2C0C63F000C0EEB4 /* Frameworks */ = {
			isa = PBXGroup;
			children = (
			);
			name = Frameworks;
			sourceTree = "<group>";
		};
/* End PBXGroup section */

/* Begin PBXNativeTarget section */
		8F81A5BA2C0C633B00C0EEB4 /* swift-crab-test */ = {
			isa = PBXNativeTarget;
			buildConfigurationList = 8F81A5E02C0C633D00C0EEB4 /* Build configuration list for PBXNativeTarget "swift-crab-test" */;
			buildPhases = (
				8F81A5B72C0C633B00C0EEB4 /* Sources */,
				8F81A5B82C0C633B00C0EEB4 /* Frameworks */,
				8F81A5B92C0C633B00C0EEB4 /* Resources */,
			);
			buildRules = (
			);
			dependencies = (
			);
			name = "swift-crab-test";
			packageProductDependencies = (
				8F86FE922C0F8A4D00E470BA /* MyCrabLib */,
			);
			productName = "swift-crab-test";
			productReference = 8F81A5BB2C0C633B00C0EEB4 /* swift-crab-test.app */;
			productType = "com.apple.product-type.application";
		};
		8F81A5CB2C0C633D00C0EEB4 /* swift-crab-testTests */ = {
			isa = PBXNativeTarget;
			buildConfigurationList = 8F81A5E32C0C633D00C0EEB4 /* Build configuration list for PBXNativeTarget "swift-crab-testTests" */;
			buildPhases = (
				8F81A5C82C0C633D00C0EEB4 /* Sources */,
				8F81A5C92C0C633D00C0EEB4 /* Frameworks */,
				8F81A5CA2C0C633D00C0EEB4 /* Resources */,
			);
			buildRules = (
			);
			dependencies = (
				8F81A5CE2C0C633D00C0EEB4 /* PBXTargetDependency */,
			);
			name = "swift-crab-testTests";
			productName = "swift-crab-testTests";
			productReference = 8F81A5CC2C0C633D00C0EEB4 /* swift-crab-testTests.xctest */;
			productType = "com.apple.product-type.bundle.unit-test";
		};
		8F81A5D52C0C633D00C0EEB4 /* swift-crab-testUITests */ = {
			isa = PBXNativeTarget;
			buildConfigurationList = 8F81A5E62C0C633D00C0EEB4 /* Build configuration list for PBXNativeTarget "swift-crab-testUITests" */;
			buildPhases = (
				8F81A5D22C0C633D00C0EEB4 /* Sources */,
				8F81A5D32C0C633D00C0EEB4 /* Frameworks */,
				8F81A5D42C0C633D00C0EEB4 /* Resources */,
			);
			buildRules = (
			);
			dependencies = (
				8F81A5D82C0C633D00C0EEB4 /* PBXTargetDependency */,
			);
			name = "swift-crab-testUITests";
			productName = "swift-crab-testUITests";
			productReference = 8F81A5D62C0C633D00C0EEB4 /* swift-crab-testUITests.xctest */;
			productType = "com.apple.product-type.bundle.ui-testing";
		};
/* End PBXNativeTarget section */

/* Begin PBXProject section */
		8F81A5B32C0C633B00C0EEB4 /* Project object */ = {
			isa = PBXProject;
			attributes = {
				BuildIndependentTargetsInParallel = 1;
				LastSwiftUpdateCheck = 1540;
				LastUpgradeCheck = 1540;
				TargetAttributes = {
					8F81A5BA2C0C633B00C0EEB4 = {
						CreatedOnToolsVersion = 15.4;
					};
					8F81A5CB2C0C633D00C0EEB4 = {
						CreatedOnToolsVersion = 15.4;
						TestTargetID = 8F81A5BA2C0C633B00C0EEB4;
					};
					8F81A5D52C0C633D00C0EEB4 = {
						CreatedOnToolsVersion = 15.4;
						TestTargetID = 8F81A5BA2C0C633B00C0EEB4;
					};
				};
			};
			buildConfigurationList = 8F81A5B62C0C633B00C0EEB4 /* Build configuration list for PBXProject "swift-crab-test" */;
			compatibilityVersion = "Xcode 14.0";
			developmentRegion = en;
			hasScannedForEncodings = 0;
			knownRegions = (
				en,
				Base,
			);
			mainGroup = 8F81A5B22C0C633A00C0EEB4;
			packageReferences = (
				8F86FE912C0F8A4400E470BA /* XCLocalSwiftPackageReference "../MySwiftPackage" */,
			);
			productRefGroup = 8F81A5BC2C0C633B00C0EEB4 /* Products */;
			projectDirPath = "";
			projectRoot = "";
			targets = (
				8F81A5BA2C0C633B00C0EEB4 /* swift-crab-test */,
				8F81A5CB2C0C633D00C0EEB4 /* swift-crab-testTests */,
				8F81A5D52C0C633D00C0EEB4 /* swift-crab-testUITests */,
			);
		};
/* End PBXProject section */

/* Begin PBXResourcesBuildPhase section */
		8F81A5B92C0C633B00C0EEB4 /* Resources */ = {
			isa = PBXResourcesBuildPhase;
			buildActionMask = 2147483647;
			files = (
				8F81A5C72C0C633C00C0EEB4 /* Preview Assets.xcassets in Resources */,
				8F81A5C32C0C633C00C0EEB4 /* Assets.xcassets in Resources */,
			);
			runOnlyForDeploymentPostprocessing = 0;
		};
		8F81A5CA2C0C633D00C0EEB4 /* Resources */ = {
			isa = PBXResourcesBuildPhase;
			buildActionMask = 2147483647;
			files = (
			);
			runOnlyForDeploymentPostprocessing = 0;
		};
		8F81A5D42C0C633D00C0EEB4 /* Resources */ = {
			isa = PBXResourcesBuildPhase;
			buildActionMask = 2147483647;
			files = (
			);
			runOnlyForDeploymentPostprocessing = 0;
		};
/* End PBXResourcesBuildPhase section */

/* Begin PBXSourcesBuildPhase section */
		8F81A5B72C0C633B00C0EEB4 /* Sources */ = {
			isa = PBXSourcesBuildPhase;
			buildActionMask = 2147483647;
			files = (
				8F81A5C12C0C633B00C0EEB4 /* ContentView.swift in Sources */,
				8F81A5BF2C0C633B00C0EEB4 /* swift_crab_testApp.swift in Sources */,
			);
			runOnlyForDeploymentPostprocessing = 0;
		};
		8F81A5C82C0C633D00C0EEB4 /* Sources */ = {
			isa = PBXSourcesBuildPhase;
			buildActionMask = 2147483647;
			files = (
				8F81A5D12C0C633D00C0EEB4 /* swift_crab_testTests.swift in Sources */,
			);
			runOnlyForDeploymentPostprocessing = 0;
		};
		8F81A5D22C0C633D00C0EEB4 /* Sources */ = {
			isa = PBXSourcesBuildPhase;
			buildActionMask = 2147483647;
			files = (
				8F81A5DD2C0C633D00C0EEB4 /* swift_crab_testUITestsLaunchTests.swift in Sources */,
				8F81A5DB2C0C633D00C0EEB4 /* swift_crab_testUITests.swift in Sources */,
			);
			runOnlyForDeploymentPostprocessing = 0;
		};
/* End PBXSourcesBuildPhase section */

/* Begin PBXTargetDependency section */
		8F81A5CE2C0C633D00C0EEB4 /* PBXTargetDependency */ = {
			isa = PBXTargetDependency;
			target = 8F81A5BA2C0C633B00C0EEB4 /* swift-crab-test */;
			targetProxy = 8F81A5CD2C0C633D00C0EEB4 /* PBXContainerItemProxy */;
		};
		8F81A5D82C0C633D00C0EEB4 /* PBXTargetDependency */ = {
			isa = PBXTargetDependency;
			target = 8F81A5BA2C0C633B00C0EEB4 /* swift-crab-test */;
			targetProxy = 8F81A5D72C0C633D00C0EEB4 /* PBXContainerItemProxy */;
		};
/* End PBXTargetDependency section */

/* Begin XCBuildConfiguration section */
		8F81A5DE2C0C633D00C0EEB4 /* Debug */ = {
			isa = XCBuildConfiguration;
			buildSettings = {
				ALWAYS_SEARCH_USER_PATHS = NO;
				ASSETCATALOG_COMPILER_GENERATE_SWIFT_ASSET_SYMBOL_EXTENSIONS = YES;
				CLANG_ANALYZER_NONNULL = YES;
				CLANG_ANALYZER_NUMBER_OBJECT_CONVERSION = YES_AGGRESSIVE;
				CLANG_CXX_LANGUAGE_STANDARD = "gnu++20";
				CLANG_ENABLE_MODULES = YES;
				CLANG_ENABLE_OBJC_ARC = YES;
				CLANG_ENABLE_OBJC_WEAK = YES;
				CLANG_WARN_BLOCK_CAPTURE_AUTORELEASING = YES;
				CLANG_WARN_BOOL_CONVERSION = YES;
				CLANG_WARN_COMMA = YES;
				CLANG_WARN_CONSTANT_CONVERSION = YES;
				CLANG_WARN_DEPRECATED_OBJC_IMPLEMENTATIONS = YES;
				CLANG_WARN_DIRECT_OBJC_ISA_USAGE = YES_ERROR;
				CLANG_WARN_DOCUMENTATION_COMMENTS = YES;
				CLANG_WARN_EMPTY_BODY = YES;
				CLANG_WARN_ENUM_CONVERSION = YES;
				CLANG_WARN_INFINITE_RECURSION = YES;
				CLANG_WARN_INT_CONVERSION = YES;
				CLANG_WARN_NON_LITERAL_NULL_CONVERSION = YES;
				CLANG_WARN_OBJC_IMPLICIT_RETAIN_SELF = YES;
				CLANG_WARN_OBJC_LITERAL_CONVERSION = YES;
				CLANG_WARN_OBJC_ROOT_CLASS = YES_ERROR;
				CLANG_WARN_QUOTED_INCLUDE_IN_FRAMEWORK_HEADER = YES;
				CLANG_WARN_RANGE_LOOP_ANALYSIS = YES;
				CLANG_WARN_STRICT_PROTOTYPES = YES;
				CLANG_WARN_SUSPICIOUS_MOVE = YES;
				CLANG_WARN_UNGUARDED_AVAILABILITY = YES_AGGRESSIVE;
				CLANG_WARN_UNREACHABLE_CODE = YES;
				CLANG_WARN__DUPLICATE_METHOD_MATCH = YES;
				COPY_PHASE_STRIP = NO;
				DEBUG_INFORMATION_FORMAT = dwarf;
				ENABLE_STRICT_OBJC_MSGSEND = YES;
				ENABLE_TESTABILITY = YES;
				ENABLE_USER_SCRIPT_SANDBOXING = YES;
				GCC_C_LANGUAGE_STANDARD = gnu17;
				GCC_DYNAMIC_NO_PIC = NO;
				GCC_NO_COMMON_BLOCKS = YES;
				GCC_OPTIMIZATION_LEVEL = 0;
				GCC_PREPROCESSOR_DEFINITIONS = (
					"DEBUG=1",
					"$(inherited)",
				);
				GCC_WARN_64_TO_32_BIT_CONVERSION = YES;
				GCC_WARN_ABOUT_RETURN_TYPE = YES_ERROR;
				GCC_WARN_UNDECLARED_SELECTOR = YES;
				GCC_WARN_UNINITIALIZED_AUTOS = YES_AGGRESSIVE;
				GCC_WARN_UNUSED_FUNCTION = YES;
				GCC_WARN_UNUSED_VARIABLE = YES;
				LOCALIZATION_PREFERS_STRING_CATALOGS = YES;
				MTL_ENABLE_DEBUG_INFO = INCLUDE_SOURCE;
				MTL_FAST_MATH = YES;
				ONLY_ACTIVE_ARCH = YES;
				SWIFT_ACTIVE_COMPILATION_CONDITIONS = "DEBUG $(inherited)";
				SWIFT_OPTIMIZATION_LEVEL = "-Onone";
			};
			name = Debug;
		};
		8F81A5DF2C0C633D00C0EEB4 /* Release */ = {
			isa = XCBuildConfiguration;
			buildSettings = {
				ALWAYS_SEARCH_USER_PATHS = NO;
				ASSETCATALOG_COMPILER_GENERATE_SWIFT_ASSET_SYMBOL_EXTENSIONS = YES;
				CLANG_ANALYZER_NONNULL = YES;
				CLANG_ANALYZER_NUMBER_OBJECT_CONVERSION = YES_AGGRESSIVE;
				CLANG_CXX_LANGUAGE_STANDARD = "gnu++20";
				CLANG_ENABLE_MODULES = YES;
				CLANG_ENABLE_OBJC_ARC = YES;
				CLANG_ENABLE_OBJC_WEAK = YES;
				CLANG_WARN_BLOCK_CAPTURE_AUTORELEASING = YES;
				CLANG_WARN_BOOL_CONVERSION = YES;
				CLANG_WARN_COMMA = YES;
				CLANG_WARN_CONSTANT_CONVERSION = YES;
				CLANG_WARN_DEPRECATED_OBJC_IMPLEMENTATIONS = YES;
				CLANG_WARN_DIRECT_OBJC_ISA_USAGE = YES_ERROR;
				CLANG_WARN_DOCUMENTATION_COMMENTS = YES;
				CLANG_WARN_EMPTY_BODY = YES;
				CLANG_WARN_ENUM_CONVERSION = YES;
				CLANG_WARN_INFINITE_RECURSION = YES;
				CLANG_WARN_INT_CONVERSION = YES;
				CLANG_WARN_NON_LITERAL_NULL_CONVERSION = YES;
				CLANG_WARN_OBJC_IMPLICIT_RETAIN_SELF = YES;
				CLANG_WARN_OBJC_LITERAL_CONVERSION = YES;
				CLANG_WARN_OBJC_ROOT_CLASS = YES_ERROR;
				CLANG_WARN_QUOTED_INCLUDE_IN_FRAMEWORK_HEADER = YES;
				CLANG_WARN_RANGE_LOOP_ANALYSIS = YES;
				CLANG_WARN_STRICT_PROTOTYPES = YES;
				CLANG_WARN_SUSPICIOUS_MOVE = YES;
				CLANG_WARN_UNGUARDED_AVAILABILITY = YES_AGGRESSIVE;
				CLANG_WARN_UNREACHABLE_CODE = YES;
				CLANG_WARN__DUPLICATE_METHOD_MATCH = YES;
				COPY_PHASE_STRIP = NO;
				DEBUG_INFORMATION_FORMAT = "dwarf-with-dsym";
				ENABLE_NS_ASSERTIONS = NO;
				ENABLE_STRICT_OBJC_MSGSEND = YES;
				ENABLE_USER_SCRIPT_SANDBOXING = YES;
				GCC_C_LANGUAGE_STANDARD = gnu17;
				GCC_NO_COMMON_BLOCKS = YES;
				GCC_WARN_64_TO_32_BIT_CONVERSION = YES;
				GCC_WARN_ABOUT_RETURN_TYPE = YES_ERROR;
				GCC_WARN_UNDECLARED_SELECTOR = YES;
				GCC_WARN_UNINITIALIZED_AUTOS = YES_AGGRESSIVE;
				GCC_WARN_UNUSED_FUNCTION = YES;
				GCC_WARN_UNUSED_VARIABLE = YES;
				LOCALIZATION_PREFERS_STRING_CATALOGS = YES;
				MTL_ENABLE_DEBUG_INFO = NO;
				MTL_FAST_MATH = YES;
				SWIFT_COMPILATION_MODE = wholemodule;
			};
			name = Release;
		};
		8F81A5E12C0C633D00C0EEB4 /* Debug */ = {
			isa = XCBuildConfiguration;
			buildSettings = {
				ASSETCATALOG_COMPILER_APPICON_NAME = AppIcon;
				ASSETCATALOG_COMPILER_GLOBAL_ACCENT_COLOR_NAME = AccentColor;
				CODE_SIGN_ENTITLEMENTS = "swift-crab-test/swift_crab_test.entitlements";
				CODE_SIGN_STYLE = Automatic;
				CURRENT_PROJECT_VERSION = 1;
				DEVELOPMENT_ASSET_PATHS = "\"swift-crab-test/Preview Content\"";
				ENABLE_PREVIEWS = YES;
				GENERATE_INFOPLIST_FILE = YES;
				"INFOPLIST_KEY_UIApplicationSceneManifest_Generation[sdk=iphoneos*]" = YES;
				"INFOPLIST_KEY_UIApplicationSceneManifest_Generation[sdk=iphonesimulator*]" = YES;
				"INFOPLIST_KEY_UIApplicationSupportsIndirectInputEvents[sdk=iphoneos*]" = YES;
				"INFOPLIST_KEY_UIApplicationSupportsIndirectInputEvents[sdk=iphonesimulator*]" = YES;
				"INFOPLIST_KEY_UILaunchScreen_Generation[sdk=iphoneos*]" = YES;
				"INFOPLIST_KEY_UILaunchScreen_Generation[sdk=iphonesimulator*]" = YES;
				"INFOPLIST_KEY_UIStatusBarStyle[sdk=iphoneos*]" = UIStatusBarStyleDefault;
				"INFOPLIST_KEY_UIStatusBarStyle[sdk=iphonesimulator*]" = UIStatusBarStyleDefault;
				INFOPLIST_KEY_UISupportedInterfaceOrientations_iPad = "UIInterfaceOrientationPortrait UIInterfaceOrientationPortraitUpsideDown UIInterfaceOrientationLandscapeLeft UIInterfaceOrientationLandscapeRight";
				INFOPLIST_KEY_UISupportedInterfaceOrientations_iPhone = "UIInterfaceOrientationPortrait UIInterfaceOrientationLandscapeLeft UIInterfaceOrientationLandscapeRight";
				IPHONEOS_DEPLOYMENT_TARGET = 17.5;
				LD_RUNPATH_SEARCH_PATHS = "@executable_path/Frameworks";
				"LD_RUNPATH_SEARCH_PATHS[sdk=macosx*]" = "@executable_path/../Frameworks";
				MACOSX_DEPLOYMENT_TARGET = 14.5;
				MARKETING_VERSION = 1.0;
				PRODUCT_BUNDLE_IDENTIFIER = "crab.test.test.swift-crab-test";
				PRODUCT_NAME = "$(TARGET_NAME)";
				SDKROOT = auto;
				SUPPORTED_PLATFORMS = "iphoneos iphonesimulator macosx";
				SWIFT_EMIT_LOC_STRINGS = YES;
				SWIFT_VERSION = 5.0;
				TARGETED_DEVICE_FAMILY = "1,2";
			};
			name = Debug;
		};
		8F81A5E22C0C633D00C0EEB4 /* Release */ = {
			isa = XCBuildConfiguration;
			buildSettings = {
				ASSETCATALOG_COMPILER_APPICON_NAME = AppIcon;
				ASSETCATALOG_COMPILER_GLOBAL_ACCENT_COLOR_NAME = AccentColor;
				CODE_SIGN_ENTITLEMENTS = "swift-crab-test/swift_crab_test.entitlements";
				CODE_SIGN_STYLE = Automatic;
				CURRENT_PROJECT_VERSION = 1;
				DEVELOPMENT_ASSET_PATHS = "\"swift-crab-test/Preview Content\"";
				ENABLE_PREVIEWS = YES;
				GENERATE_INFOPLIST_FILE = YES;
				"INFOPLIST_KEY_UIApplicationSceneManifest_Generation[sdk=iphoneos*]" = YES;
				"INFOPLIST_KEY_UIApplicationSceneManifest_Generation[sdk=iphonesimulator*]" = YES;
				"INFOPLIST_KEY_UIApplicationSupportsIndirectInputEvents[sdk=iphoneos*]" = YES;
				"INFOPLIST_KEY_UIApplicationSupportsIndirectInputEvents[sdk=iphonesimulator*]" = YES;
				"INFOPLIST_KEY_UILaunchScreen_Generation[sdk=iphoneos*]" = YES;
				"INFOPLIST_KEY_UILaunchScreen_Generation[sdk=iphonesimulator*]" = YES;
				"INFOPLIST_KEY_UIStatusBarStyle[sdk=iphoneos*]" = UIStatusBarStyleDefault;
				"INFOPLIST_KEY_UIStatusBarStyle[sdk=iphonesimulator*]" = UIStatusBarStyleDefault;
				INFOPLIST_KEY_UISupportedInterfaceOrientations_iPad = "UIInterfaceOrientationPortrait UIInterfaceOrientationPortraitUpsideDown UIInterfaceOrientationLandscapeLeft UIInterfaceOrientationLandscapeRight";
				INFOPLIST_KEY_UISupportedInterfaceOrientations_iPhone = "UIInterfaceOrientationPortrait UIInterfaceOrientationLandscapeLeft UIInterfaceOrientationLandscapeRight";
				IPHONEOS_DEPLOYMENT_TARGET = 17.5;
				LD_RUNPATH_SEARCH_PATHS = "@executable_path/Frameworks";
				"LD_RUNPATH_SEARCH_PATHS[sdk=macosx*]" = "@executable_path/../Frameworks";
				MACOSX_DEPLOYMENT_TARGET = 14.5;
				MARKETING_VERSION = 1.0;
				PRODUCT_BUNDLE_IDENTIFIER = "crab.test.test.swift-crab-test";
				PRODUCT_NAME = "$(TARGET_NAME)";
				SDKROOT = auto;
				SUPPORTED_PLATFORMS = "iphoneos iphonesimulator macosx";
				SWIFT_EMIT_LOC_STRINGS = YES;
				SWIFT_VERSION = 5.0;
				TARGETED_DEVICE_FAMILY = "1,2";
			};
			name = Release;
		};
		8F81A5E42C0C633D00C0EEB4 /* Debug */ = {
			isa = XCBuildConfiguration;
			buildSettings = {
				ALWAYS_EMBED_SWIFT_STANDARD_LIBRARIES = YES;
				BUNDLE_LOADER = "$(TEST_HOST)";
				CODE_SIGN_STYLE = Automatic;
				CURRENT_PROJECT_VERSION = 1;
				GENERATE_INFOPLIST_FILE = YES;
				IPHONEOS_DEPLOYMENT_TARGET = 17.5;
				MACOSX_DEPLOYMENT_TARGET = 14.5;
				MARKETING_VERSION = 1.0;
				PRODUCT_BUNDLE_IDENTIFIER = "crab.test.test.swift-crab-testTests";
				PRODUCT_NAME = "$(TARGET_NAME)";
				SDKROOT = auto;
				SUPPORTED_PLATFORMS = "iphoneos iphonesimulator macosx";
				SWIFT_EMIT_LOC_STRINGS = NO;
				SWIFT_VERSION = 5.0;
				TARGETED_DEVICE_FAMILY = "1,2";
				TEST_HOST = "$(BUILT_PRODUCTS_DIR)/swift-crab-test.app/$(BUNDLE_EXECUTABLE_FOLDER_PATH)/swift-crab-test";
			};
			name = Debug;
		};
		8F81A5E52C0C633D00C0EEB4 /* Release */ = {
			isa = XCBuildConfiguration;
			buildSettings = {
				ALWAYS_EMBED_SWIFT_STANDARD_LIBRARIES = YES;
				BUNDLE_LOADER = "$(TEST_HOST)";
				CODE_SIGN_STYLE = Automatic;
				CURRENT_PROJECT_VERSION = 1;
				GENERATE_INFOPLIST_FILE = YES;
				IPHONEOS_DEPLOYMENT_TARGET = 17.5;
				MACOSX_DEPLOYMENT_TARGET = 14.5;
				MARKETING_VERSION = 1.0;
				PRODUCT_BUNDLE_IDENTIFIER = "crab.test.test.swift-crab-testTests";
				PRODUCT_NAME = "$(TARGET_NAME)";
				SDKROOT = auto;
				SUPPORTED_PLATFORMS = "iphoneos iphonesimulator macosx";
				SWIFT_EMIT_LOC_STRINGS = NO;
				SWIFT_VERSION = 5.0;
				TARGETED_DEVICE_FAMILY = "1,2";
				TEST_HOST = "$(BUILT_PRODUCTS_DIR)/swift-crab-test.app/$(BUNDLE_EXECUTABLE_FOLDER_PATH)/swift-crab-test";
			};
			name = Release;
		};
		8F81A5E72C0C633D00C0EEB4 /* Debug */ = {
			isa = XCBuildConfiguration;
			buildSettings = {
				ALWAYS_EMBED_SWIFT_STANDARD_LIBRARIES = YES;
				CODE_SIGN_STYLE = Automatic;
				CURRENT_PROJECT_VERSION = 1;
				GENERATE_INFOPLIST_FILE = YES;
				IPHONEOS_DEPLOYMENT_TARGET = 17.5;
				MACOSX_DEPLOYMENT_TARGET = 14.5;
				MARKETING_VERSION = 1.0;
				PRODUCT_BUNDLE_IDENTIFIER = "crab.test.test.swift-crab-testUITests";
				PRODUCT_NAME = "$(TARGET_NAME)";
				SDKROOT = auto;
				SUPPORTED_PLATFORMS = "iphoneos iphonesimulator macosx";
				SWIFT_EMIT_LOC_STRINGS = NO;
				SWIFT_VERSION = 5.0;
				TARGETED_DEVICE_FAMILY = "1,2";
				TEST_TARGET_NAME = "swift-crab-test";
			};
			name = Debug;
		};
		8F81A5E82C0C633D00C0EEB4 /* Release */ = {
			isa = XCBuildConfiguration;
			buildSettings = {
				ALWAYS_EMBED_SWIFT_STANDARD_LIBRARIES = YES;
				CODE_SIGN_STYLE = Automatic;
				CURRENT_PROJECT_VERSION = 1;
				GENERATE_INFOPLIST_FILE = YES;
				IPHONEOS_DEPLOYMENT_TARGET = 17.5;
				MACOSX_DEPLOYMENT_TARGET = 14.5;
				MARKETING_VERSION = 1.0;
				PRODUCT_BUNDLE_IDENTIFIER = "crab.test.test.swift-crab-testUITests";
				PRODUCT_NAME = "$(TARGET_NAME)";
				SDKROOT = auto;
				SUPPORTED_PLATFORMS = "iphoneos iphonesimulator macosx";
				SWIFT_EMIT_LOC_STRINGS = NO;
				SWIFT_VERSION = 5.0;
				TARGETED_DEVICE_FAMILY = "1,2";
				TEST_TARGET_NAME = "swift-crab-test";
			};
			name = Release;
		};
/* End XCBuildConfiguration section */

/* Begin XCConfigurationList section */
		8F81A5B62C0C633B00C0EEB4 /* Build configuration list for PBXProject "swift-crab-test" */ = {
			isa = XCConfigurationList;
			buildConfigurations = (
				8F81A5DE2C0C633D00C0EEB4 /* Debug */,
				8F81A5DF2C0C633D00C0EEB4 /* Release */,
			);
			defaultConfigurationIsVisible = 0;
			defaultConfigurationName = Release;
		};
		8F81A5E02C0C633D00C0EEB4 /* Build configuration list for PBXNativeTarget "swift-crab-test" */ = {
			isa = XCConfigurationList;
			buildConfigurations = (
				8F81A5E12C0C633D00C0EEB4 /* Debug */,
				8F81A5E22C0C633D00C0EEB4 /* Release */,
			);
			defaultConfigurationIsVisible = 0;
			defaultConfigurationName = Release;
		};
		8F81A5E32C0C633D00C0EEB4 /* Build configuration list for PBXNativeTarget "swift-crab-testTests" */ = {
			isa = XCConfigurationList;
			buildConfigurations = (
				8F81A5E42C0C633D00C0EEB4 /* Debug */,
				8F81A5E52C0C633D00C0EEB4 /* Release */,
			);
			defaultConfigurationIsVisible = 0;
			defaultConfigurationName = Release;
		};
		8F81A5E62C0C633D00C0EEB4 /* Build configuration list for PBXNativeTarget "swift-crab-testUITests" */ = {
			isa = XCConfigurationList;
			buildConfigurations = (
				8F81A5E72C0C633D00C0EEB4 /* Debug */,
				8F81A5E82C0C633D00C0EEB4 /* Release */,
			);
			defaultConfigurationIsVisible = 0;
			defaultConfigurationName = Release;
		};
/* End XCConfigurationList section */

/* Begin XCLocalSwiftPackageReference section */
		8F86FE912C0F8A4400E470BA /* XCLocalSwiftPackageReference "../MySwiftPackage" */ = {
			isa = XCLocalSwiftPackageReference;
			relativePath = ../MySwiftPackage;
		};
/* End XCLocalSwiftPackageReference section */

/* Begin XCSwiftPackageProductDependency section */
		8F86FE922C0F8A4D00E470BA /* MyCrabLib */ = {
			isa = XCSwiftPackageProductDependency;
			package = 8F86FE912C0F8A4400E470BA /* XCLocalSwiftPackageReference "../MySwiftPackage" */;
			productName = MyCrabLib;
		};
/* End XCSwiftPackageProductDependency section */
	};
	rootObject = 8F81A5B32C0C633B00C0EEB4 /* Project object */;
}
